
Microsoft Visual Studio Solution File, Format Version 12.00
# Visual Studio Version 17
VisualStudioVersion = 17.1.32328.378
MinimumVisualStudioVersion = 10.0.40219.1
Project("{FAE04EC0-301F-11D3-BF4B-00C04F79EFBC}") = "mvcBook", "mvcBook\mvcBook.csproj", "{0937267D-EBB0-485A-ACD2-7294BB097506}"
EndProject
Global
	GlobalSection(SolutionConfigurationPlatforms) = preSolution
		Debug|Any CPU = Debug|Any CPU
		Release|Any CPU = Release|Any CPU
	EndGlobalSection
	GlobalSection(ProjectConfigurationPlatforms) = postSolution
		{0937267D-EBB0-485A-ACD2-7294BB097506}.Debug|Any CPU.ActiveCfg = Debug|Any CPU
		{0937267D-EBB0-485A-ACD2-7294BB097506}.Debug|Any CPU.Build.0 = Debug|Any CPU
		{0937267D-EBB0-485A-ACD2-7294BB097506}.Release|Any CPU.ActiveCfg = Release|Any CPU
		{0937267D-EBB0-485A-ACD2-7294BB097506}.Release|Any CPU.Build.0 = Release|Any CPU
	EndGlobalSection
	GlobalSection(SolutionProperties) = preSolution
		HideSolutionNode = FALSE
	EndGlobalSection
	GlobalSection(ExtensibilityGlobals) = postSolution
		SolutionGuid = {AE5E6D35-61C8-418E-9477-9C49143DAA67}
	EndGlobalSection
EndGlobal
